
Microsoft Visual Studio Solution File, Format Version 12.00
# Visual Studio 15
VisualStudioVersion = 15.0.27004.2005
MinimumVisualStudioVersion = 10.0.40219.1
Project("{FAE04EC0-301F-11D3-BF4B-00C04F79EFBC}") = "WebApp", "WebApp\WebApp.csproj", "{557995F4-63DE-4A31-9BB1-80EE14E4B193}"
EndProject
Project("{FAE04EC0-301F-11D3-BF4B-00C04F79EFBC}") = "WebApp.Tests", "WebApp.Tests\WebApp.Tests.csproj", "{541873E0-DB15-4E61-8D5A-86E8DA10BADA}"
EndProject
Project("{2150E333-8FDC-42A3-9474-1A3956D46DE8}") = "Solution Items", "Solution Items", "{1D39FB2D-6FBA-4851-8B0F-AE03C2BF64C7}"
	ProjectSection(SolutionItems) = preProject
		README.md = README.md
	EndProjectSection
EndProject
Global
	GlobalSection(SolutionConfigurationPlatforms) = preSolution
		Debug|Any CPU = Debug|Any CPU
		Release|Any CPU = Release|Any CPU
	EndGlobalSection
	GlobalSection(ProjectConfigurationPlatforms) = postSolution
		{557995F4-63DE-4A31-9BB1-80EE14E4B193}.Debug|Any CPU.ActiveCfg = Debug|Any CPU
		{557995F4-63DE-4A31-9BB1-80EE14E4B193}.Debug|Any CPU.Build.0 = Debug|Any CPU
		{557995F4-63DE-4A31-9BB1-80EE14E4B193}.Release|Any CPU.ActiveCfg = Release|Any CPU
		{557995F4-63DE-4A31-9BB1-80EE14E4B193}.Release|Any CPU.Build.0 = Release|Any CPU
		{541873E0-DB15-4E61-8D5A-86E8DA10BADA}.Debug|Any CPU.ActiveCfg = Debug|Any CPU
		{541873E0-DB15-4E61-8D5A-86E8DA10BADA}.Debug|Any CPU.Build.0 = Debug|Any CPU
		{541873E0-DB15-4E61-8D5A-86E8DA10BADA}.Release|Any CPU.ActiveCfg = Release|Any CPU
		{541873E0-DB15-4E61-8D5A-86E8DA10BADA}.Release|Any CPU.Build.0 = Release|Any CPU
	EndGlobalSection
	GlobalSection(SolutionProperties) = preSolution
		HideSolutionNode = FALSE
	EndGlobalSection
	GlobalSection(ExtensibilityGlobals) = postSolution
		SolutionGuid = {E133A598-B07B-4762-AD86-A1FBA944FF13}
	EndGlobalSection
EndGlobal
